
Microsoft Visual Studio Solution File, Format Version 12.00
# Visual Studio Version 17
VisualStudioVersion = 17.3.32929.385
MinimumVisualStudioVersion = 10.0.40219.1
Project("{FAE04EC0-301F-11D3-BF4B-00C04F79EFBC}") = "ProjetoUnip", "ProjetoUnip\ProjetoUnip.csproj", "{10F9D8B3-79CD-4FF5-8C7A-B4F8B1F10EE9}"
EndProject
Global
	GlobalSection(SolutionConfigurationPlatforms) = preSolution
		Debug|Any CPU = Debug|Any CPU
		Release|Any CPU = Release|Any CPU
	EndGlobalSection
	GlobalSection(ProjectConfigurationPlatforms) = postSolution
		{10F9D8B3-79CD-4FF5-8C7A-B4F8B1F10EE9}.Debug|Any CPU.ActiveCfg = Debug|Any CPU
		{10F9D8B3-79CD-4FF5-8C7A-B4F8B1F10EE9}.Debug|Any CPU.Build.0 = Debug|Any CPU
		{10F9D8B3-79CD-4FF5-8C7A-B4F8B1F10EE9}.Release|Any CPU.ActiveCfg = Release|Any CPU
		{10F9D8B3-79CD-4FF5-8C7A-B4F8B1F10EE9}.Release|Any CPU.Build.0 = Release|Any CPU
	EndGlobalSection
	GlobalSection(SolutionProperties) = preSolution
		HideSolutionNode = FALSE
	EndGlobalSection
	GlobalSection(ExtensibilityGlobals) = postSolution
		SolutionGuid = {7CCCAF62-E1A5-440A-989F-6524589CACBE}
	EndGlobalSection
EndGlobal
